
Microsoft Visual Studio Solution File, Format Version 12.00
# Visual Studio Version 16
VisualStudioVersion = 16.0.28803.352
MinimumVisualStudioVersion = 10.0.40219.1
Project("{FAE04EC0-301F-11D3-BF4B-00C04F79EFBC}") = "AspectCore.Extensions.Cache", "AspectCore.Extensions.Cache\AspectCore.Extensions.Cache.csproj", "{225239D8-0FDF-4D83-84FC-C5DAF9CFC01D}"
EndProject
Global
	GlobalSection(SolutionConfigurationPlatforms) = preSolution
		Debug|Any CPU = Debug|Any CPU
		Release|Any CPU = Release|Any CPU
	EndGlobalSection
	GlobalSection(ProjectConfigurationPlatforms) = postSolution
		{225239D8-0FDF-4D83-84FC-C5DAF9CFC01D}.Debug|Any CPU.ActiveCfg = Debug|Any CPU
		{225239D8-0FDF-4D83-84FC-C5DAF9CFC01D}.Debug|Any CPU.Build.0 = Debug|Any CPU
		{225239D8-0FDF-4D83-84FC-C5DAF9CFC01D}.Release|Any CPU.ActiveCfg = Release|Any CPU
		{225239D8-0FDF-4D83-84FC-C5DAF9CFC01D}.Release|Any CPU.Build.0 = Release|Any CPU
	EndGlobalSection
	GlobalSection(SolutionProperties) = preSolution
		HideSolutionNode = FALSE
	EndGlobalSection
	GlobalSection(ExtensibilityGlobals) = postSolution
		SolutionGuid = {AD5E90A6-3941-47F0-B334-0068502E433C}
	EndGlobalSection
EndGlobal
